
Microsoft Visual Studio Solution File, Format Version 12.00
# Visual Studio Version 17
VisualStudioVersion = 17.4.33403.182
MinimumVisualStudioVersion = 10.0.40219.1
Project("{9092AA53-FB77-4645-B42D-1CCCA6BD08BD}") = "apis", "apis.njsproj", "{541E2BEA-5A3E-4594-8548-7390EE9B1D71}"
EndProject
Global
	GlobalSection(SolutionConfigurationPlatforms) = preSolution
		Debug|Any CPU = Debug|Any CPU
		Release|Any CPU = Release|Any CPU
	EndGlobalSection
	GlobalSection(ProjectConfigurationPlatforms) = postSolution
		{541E2BEA-5A3E-4594-8548-7390EE9B1D71}.Debug|Any CPU.ActiveCfg = Debug|Any CPU
		{541E2BEA-5A3E-4594-8548-7390EE9B1D71}.Debug|Any CPU.Build.0 = Debug|Any CPU
		{541E2BEA-5A3E-4594-8548-7390EE9B1D71}.Release|Any CPU.ActiveCfg = Release|Any CPU
		{541E2BEA-5A3E-4594-8548-7390EE9B1D71}.Release|Any CPU.Build.0 = Release|Any CPU
	EndGlobalSection
	GlobalSection(SolutionProperties) = preSolution
		HideSolutionNode = FALSE
	EndGlobalSection
	GlobalSection(ExtensibilityGlobals) = postSolution
		SolutionGuid = {C6984E7C-4217-435C-858E-1EEB5B8B4660}
	EndGlobalSection
EndGlobal
